
Microsoft Visual Studio Solution File, Format Version 12.00
# Visual Studio 15
VisualStudioVersion = 15.0.26730.12
MinimumVisualStudioVersion = 10.0.40219.1
Project("{9A19103F-16F7-4668-BE54-9A1E7A4F7556}") = "0.Core", "0.Core\0.Core.csproj", "{6C83F499-AF00-4E77-A53E-98C614214047}"
EndProject
Project("{9A19103F-16F7-4668-BE54-9A1E7A4F7556}") = "1.Business", "1.Business\1.Business.csproj", "{E8FB7875-C625-4D70-A5B4-29608F7CC93F}"
EndProject
Project("{9A19103F-16F7-4668-BE54-9A1E7A4F7556}") = "2.Infrastructure", "2.Infrastructure\2.Infrastructure.csproj", "{F1A95566-0976-400D-B65B-DE017F4DD8F0}"
EndProject
Project("{9A19103F-16F7-4668-BE54-9A1E7A4F7556}") = "3.Presentation", "3.Presentation\3.Presentation.csproj", "{36F1C27E-95EB-4F69-81EE-73F27BB00B91}"
EndProject
Project("{FAE04EC0-301F-11D3-BF4B-00C04F79EFBC}") = "4.UnitTests", "4.UnitTests\4.UnitTests.csproj", "{90D507DC-45BF-4FAD-BD14-295744B13F27}"
EndProject
Global
	GlobalSection(SolutionConfigurationPlatforms) = preSolution
		Debug|Any CPU = Debug|Any CPU
		Release|Any CPU = Release|Any CPU
	EndGlobalSection
	GlobalSection(ProjectConfigurationPlatforms) = postSolution
		{6C83F499-AF00-4E77-A53E-98C614214047}.Debug|Any CPU.ActiveCfg = Debug|Any CPU
		{6C83F499-AF00-4E77-A53E-98C614214047}.Debug|Any CPU.Build.0 = Debug|Any CPU
		{6C83F499-AF00-4E77-A53E-98C614214047}.Release|Any CPU.ActiveCfg = Release|Any CPU
		{6C83F499-AF00-4E77-A53E-98C614214047}.Release|Any CPU.Build.0 = Release|Any CPU
		{E8FB7875-C625-4D70-A5B4-29608F7CC93F}.Debug|Any CPU.ActiveCfg = Debug|Any CPU
		{E8FB7875-C625-4D70-A5B4-29608F7CC93F}.Debug|Any CPU.Build.0 = Debug|Any CPU
		{E8FB7875-C625-4D70-A5B4-29608F7CC93F}.Release|Any CPU.ActiveCfg = Release|Any CPU
		{E8FB7875-C625-4D70-A5B4-29608F7CC93F}.Release|Any CPU.Build.0 = Release|Any CPU
		{F1A95566-0976-400D-B65B-DE017F4DD8F0}.Debug|Any CPU.ActiveCfg = Debug|Any CPU
		{F1A95566-0976-400D-B65B-DE017F4DD8F0}.Debug|Any CPU.Build.0 = Debug|Any CPU
		{F1A95566-0976-400D-B65B-DE017F4DD8F0}.Release|Any CPU.ActiveCfg = Release|Any CPU
		{F1A95566-0976-400D-B65B-DE017F4DD8F0}.Release|Any CPU.Build.0 = Release|Any CPU
		{36F1C27E-95EB-4F69-81EE-73F27BB00B91}.Debug|Any CPU.ActiveCfg = Debug|Any CPU
		{36F1C27E-95EB-4F69-81EE-73F27BB00B91}.Debug|Any CPU.Build.0 = Debug|Any CPU
		{36F1C27E-95EB-4F69-81EE-73F27BB00B91}.Release|Any CPU.ActiveCfg = Release|Any CPU
		{36F1C27E-95EB-4F69-81EE-73F27BB00B91}.Release|Any CPU.Build.0 = Release|Any CPU
		{90D507DC-45BF-4FAD-BD14-295744B13F27}.Debug|Any CPU.ActiveCfg = Debug|Any CPU
		{90D507DC-45BF-4FAD-BD14-295744B13F27}.Debug|Any CPU.Build.0 = Debug|Any CPU
		{90D507DC-45BF-4FAD-BD14-295744B13F27}.Release|Any CPU.ActiveCfg = Release|Any CPU
		{90D507DC-45BF-4FAD-BD14-295744B13F27}.Release|Any CPU.Build.0 = Release|Any CPU
	EndGlobalSection
	GlobalSection(SolutionProperties) = preSolution
		HideSolutionNode = FALSE
	EndGlobalSection
	GlobalSection(ExtensibilityGlobals) = postSolution
		SolutionGuid = {D39D5D74-E5F5-4BBE-B658-4C7E046E44EB}
	EndGlobalSection
EndGlobal
